
Microsoft Visual Studio Solution File, Format Version 12.00
# Visual Studio Version 17
VisualStudioVersion = 17.5.33627.172
MinimumVisualStudioVersion = 10.0.40219.1
Project("{888888A0-9F3D-457C-B088-3A5042F75D52}") = "Country", "Country.pyproj", "{C7E62B9A-7830-4729-BF0B-1E804688CCBE}"
EndProject
Global
	GlobalSection(SolutionConfigurationPlatforms) = preSolution
		Debug|Any CPU = Debug|Any CPU
		Release|Any CPU = Release|Any CPU
	EndGlobalSection
	GlobalSection(ProjectConfigurationPlatforms) = postSolution
		{C7E62B9A-7830-4729-BF0B-1E804688CCBE}.Debug|Any CPU.ActiveCfg = Debug|Any CPU
		{C7E62B9A-7830-4729-BF0B-1E804688CCBE}.Release|Any CPU.ActiveCfg = Release|Any CPU
	EndGlobalSection
	GlobalSection(SolutionProperties) = preSolution
		HideSolutionNode = FALSE
	EndGlobalSection
	GlobalSection(ExtensibilityGlobals) = postSolution
		SolutionGuid = {4F43CDF0-4AFC-4CD5-AFC5-09FC5B81F6CC}
	EndGlobalSection
EndGlobal
